
Microsoft Visual Studio Solution File, Format Version 12.00
# Visual Studio 15
VisualStudioVersion = 15.0.27009.1
MinimumVisualStudioVersion = 10.0.40219.1
Project("{FAE04EC0-301F-11D3-BF4B-00C04F79EFBC}") = "FABApp.Android", "FABApp\FABApp.Android\FABApp.Android.csproj", "{8950CA22-9CF5-44F8-89C3-CAD2E1AA76F4}"
EndProject
Project("{FAE04EC0-301F-11D3-BF4B-00C04F79EFBC}") = "FABApp", "FABApp\FABApp\FABApp.csproj", "{39196A00-8B40-46FD-B309-E264CD781888}"
EndProject
Project("{FAE04EC0-301F-11D3-BF4B-00C04F79EFBC}") = "FABApp.iOS", "FABApp\FABApp.iOS\FABApp.iOS.csproj", "{50FC121E-F32C-44BB-8533-FBF15F126BE1}"
EndProject
Global
	GlobalSection(SolutionConfigurationPlatforms) = preSolution
		Ad-Hoc|Any CPU = Ad-Hoc|Any CPU
		Ad-Hoc|iPhone = Ad-Hoc|iPhone
		Ad-Hoc|iPhoneSimulator = Ad-Hoc|iPhoneSimulator
		AppStore|Any CPU = AppStore|Any CPU
		AppStore|iPhone = AppStore|iPhone
		AppStore|iPhoneSimulator = AppStore|iPhoneSimulator
		Debug|Any CPU = Debug|Any CPU
		Debug|iPhone = Debug|iPhone
		Debug|iPhoneSimulator = Debug|iPhoneSimulator
		Release|Any CPU = Release|Any CPU
		Release|iPhone = Release|iPhone
		Release|iPhoneSimulator = Release|iPhoneSimulator
	EndGlobalSection
	GlobalSection(ProjectConfigurationPlatforms) = postSolution
		{8950CA22-9CF5-44F8-89C3-CAD2E1AA76F4}.Ad-Hoc|Any CPU.ActiveCfg = Release|Any CPU
		{8950CA22-9CF5-44F8-89C3-CAD2E1AA76F4}.Ad-Hoc|Any CPU.Build.0 = Release|Any CPU
		{8950CA22-9CF5-44F8-89C3-CAD2E1AA76F4}.Ad-Hoc|Any CPU.Deploy.0 = Release|Any CPU
		{8950CA22-9CF5-44F8-89C3-CAD2E1AA76F4}.Ad-Hoc|iPhone.ActiveCfg = Release|Any CPU
		{8950CA22-9CF5-44F8-89C3-CAD2E1AA76F4}.Ad-Hoc|iPhone.Build.0 = Release|Any CPU
		{8950CA22-9CF5-44F8-89C3-CAD2E1AA76F4}.Ad-Hoc|iPhone.Deploy.0 = Release|Any CPU
		{8950CA22-9CF5-44F8-89C3-CAD2E1AA76F4}.Ad-Hoc|iPhoneSimulator.ActiveCfg = Release|Any CPU
		{8950CA22-9CF5-44F8-89C3-CAD2E1AA76F4}.Ad-Hoc|iPhoneSimulator.Build.0 = Release|Any CPU
		{8950CA22-9CF5-44F8-89C3-CAD2E1AA76F4}.Ad-Hoc|iPhoneSimulator.Deploy.0 = Release|Any CPU
		{8950CA22-9CF5-44F8-89C3-CAD2E1AA76F4}.AppStore|Any CPU.ActiveCfg = Release|Any CPU
		{8950CA22-9CF5-44F8-89C3-CAD2E1AA76F4}.AppStore|Any CPU.Build.0 = Release|Any CPU
		{8950CA22-9CF5-44F8-89C3-CAD2E1AA76F4}.AppStore|Any CPU.Deploy.0 = Release|Any CPU
		{8950CA22-9CF5-44F8-89C3-CAD2E1AA76F4}.AppStore|iPhone.ActiveCfg = Release|Any CPU
		{8950CA22-9CF5-44F8-89C3-CAD2E1AA76F4}.AppStore|iPhone.Build.0 = Release|Any CPU
		{8950CA22-9CF5-44F8-89C3-CAD2E1AA76F4}.AppStore|iPhone.Deploy.0 = Release|Any CPU
		{8950CA22-9CF5-44F8-89C3-CAD2E1AA76F4}.AppStore|iPhoneSimulator.ActiveCfg = Release|Any CPU
		{8950CA22-9CF5-44F8-89C3-CAD2E1AA76F4}.AppStore|iPhoneSimulator.Build.0 = Release|Any CPU
		{8950CA22-9CF5-44F8-89C3-CAD2E1AA76F4}.AppStore|iPhoneSimulator.Deploy.0 = Release|Any CPU
		{8950CA22-9CF5-44F8-89C3-CAD2E1AA76F4}.Debug|Any CPU.ActiveCfg = Debug|Any CPU
		{8950CA22-9CF5-44F8-89C3-CAD2E1AA76F4}.Debug|Any CPU.Build.0 = Debug|Any CPU
		{8950CA22-9CF5-44F8-89C3-CAD2E1AA76F4}.Debug|Any CPU.Deploy.0 = Debug|Any CPU
		{8950CA22-9CF5-44F8-89C3-CAD2E1AA76F4}.Debug|iPhone.ActiveCfg = Debug|Any CPU
		{8950CA22-9CF5-44F8-89C3-CAD2E1AA76F4}.Debug|iPhone.Build.0 = Debug|Any CPU
		{8950CA22-9CF5-44F8-89C3-CAD2E1AA76F4}.Debug|iPhone.Deploy.0 = Debug|Any CPU
		{8950CA22-9CF5-44F8-89C3-CAD2E1AA76F4}.Debug|iPhoneSimulator.ActiveCfg = Debug|Any CPU
		{8950CA22-9CF5-44F8-89C3-CAD2E1AA76F4}.Debug|iPhoneSimulator.Build.0 = Debug|Any CPU
		{8950CA22-9CF5-44F8-89C3-CAD2E1AA76F4}.Debug|iPhoneSimulator.Deploy.0 = Debug|Any CPU
		{8950CA22-9CF5-44F8-89C3-CAD2E1AA76F4}.Release|Any CPU.ActiveCfg = Release|Any CPU
		{8950CA22-9CF5-44F8-89C3-CAD2E1AA76F4}.Release|Any CPU.Build.0 = Release|Any CPU
		{8950CA22-9CF5-44F8-89C3-CAD2E1AA76F4}.Release|Any CPU.Deploy.0 = Release|Any CPU
		{8950CA22-9CF5-44F8-89C3-CAD2E1AA76F4}.Release|iPhone.ActiveCfg = Release|Any CPU
		{8950CA22-9CF5-44F8-89C3-CAD2E1AA76F4}.Release|iPhone.Build.0 = Release|Any CPU
		{8950CA22-9CF5-44F8-89C3-CAD2E1AA76F4}.Release|iPhone.Deploy.0 = Release|Any CPU
		{8950CA22-9CF5-44F8-89C3-CAD2E1AA76F4}.Release|iPhoneSimulator.ActiveCfg = Release|Any CPU
		{8950CA22-9CF5-44F8-89C3-CAD2E1AA76F4}.Release|iPhoneSimulator.Build.0 = Release|Any CPU
		{8950CA22-9CF5-44F8-89C3-CAD2E1AA76F4}.Release|iPhoneSimulator.Deploy.0 = Release|Any CPU
		{39196A00-8B40-46FD-B309-E264CD781888}.Ad-Hoc|Any CPU.ActiveCfg = Release|Any CPU
		{39196A00-8B40-46FD-B309-E264CD781888}.Ad-Hoc|Any CPU.Build.0 = Release|Any CPU
		{39196A00-8B40-46FD-B309-E264CD781888}.Ad-Hoc|Any CPU.Deploy.0 = Release|Any CPU
		{39196A00-8B40-46FD-B309-E264CD781888}.Ad-Hoc|iPhone.ActiveCfg = Release|Any CPU
		{39196A00-8B40-46FD-B309-E264CD781888}.Ad-Hoc|iPhone.Build.0 = Release|Any CPU
		{39196A00-8B40-46FD-B309-E264CD781888}.Ad-Hoc|iPhone.Deploy.0 = Release|Any CPU
		{39196A00-8B40-46FD-B309-E264CD781888}.Ad-Hoc|iPhoneSimulator.ActiveCfg = Release|Any CPU
		{39196A00-8B40-46FD-B309-E264CD781888}.Ad-Hoc|iPhoneSimulator.Build.0 = Release|Any CPU
		{39196A00-8B40-46FD-B309-E264CD781888}.Ad-Hoc|iPhoneSimulator.Deploy.0 = Release|Any CPU
		{39196A00-8B40-46FD-B309-E264CD781888}.AppStore|Any CPU.ActiveCfg = Release|Any CPU
		{39196A00-8B40-46FD-B309-E264CD781888}.AppStore|Any CPU.Build.0 = Release|Any CPU
		{39196A00-8B40-46FD-B309-E264CD781888}.AppStore|Any CPU.Deploy.0 = Release|Any CPU
		{39196A00-8B40-46FD-B309-E264CD781888}.AppStore|iPhone.ActiveCfg = Release|Any CPU
		{39196A00-8B40-46FD-B309-E264CD781888}.AppStore|iPhone.Build.0 = Release|Any CPU
		{39196A00-8B40-46FD-B309-E264CD781888}.AppStore|iPhone.Deploy.0 = Release|Any CPU
		{39196A00-8B40-46FD-B309-E264CD781888}.AppStore|iPhoneSimulator.ActiveCfg = Release|Any CPU
		{39196A00-8B40-46FD-B309-E264CD781888}.AppStore|iPhoneSimulator.Build.0 = Release|Any CPU
		{39196A00-8B40-46FD-B309-E264CD781888}.AppStore|iPhoneSimulator.Deploy.0 = Release|Any CPU
		{39196A00-8B40-46FD-B309-E264CD781888}.Debug|Any CPU.ActiveCfg = Debug|Any CPU
		{39196A00-8B40-46FD-B309-E264CD781888}.Debug|Any CPU.Build.0 = Debug|Any CPU
		{39196A00-8B40-46FD-B309-E264CD781888}.Debug|Any CPU.Deploy.0 = Debug|Any CPU
		{39196A00-8B40-46FD-B309-E264CD781888}.Debug|iPhone.ActiveCfg = Debug|Any CPU
		{39196A00-8B40-46FD-B309-E264CD781888}.Debug|iPhone.Build.0 = Debug|Any CPU
		{39196A00-8B40-46FD-B309-E264CD781888}.Debug|iPhone.Deploy.0 = Debug|Any CPU
		{39196A00-8B40-46FD-B309-E264CD781888}.Debug|iPhoneSimulator.ActiveCfg = Debug|Any CPU
		{39196A00-8B40-46FD-B309-E264CD781888}.Debug|iPhoneSimulator.Build.0 = Debug|Any CPU
		{39196A00-8B40-46FD-B309-E264CD781888}.Debug|iPhoneSimulator.Deploy.0 = Debug|Any CPU
		{39196A00-8B40-46FD-B309-E264CD781888}.Release|Any CPU.ActiveCfg = Release|Any CPU
		{39196A00-8B40-46FD-B309-E264CD781888}.Release|Any CPU.Build.0 = Release|Any CPU
		{39196A00-8B40-46FD-B309-E264CD781888}.Release|Any CPU.Deploy.0 = Release|Any CPU
		{39196A00-8B40-46FD-B309-E264CD781888}.Release|iPhone.ActiveCfg = Release|Any CPU
		{39196A00-8B40-46FD-B309-E264CD781888}.Release|iPhone.Build.0 = Release|Any CPU
		{39196A00-8B40-46FD-B309-E264CD781888}.Release|iPhone.Deploy.0 = Release|Any CPU
		{39196A00-8B40-46FD-B309-E264CD781888}.Release|iPhoneSimulator.ActiveCfg = Release|Any CPU
		{39196A00-8B40-46FD-B309-E264CD781888}.Release|iPhoneSimulator.Build.0 = Release|Any CPU
		{39196A00-8B40-46FD-B309-E264CD781888}.Release|iPhoneSimulator.Deploy.0 = Release|Any CPU
		{50FC121E-F32C-44BB-8533-FBF15F126BE1}.Ad-Hoc|Any CPU.ActiveCfg = Ad-Hoc|iPhone
		{50FC121E-F32C-44BB-8533-FBF15F126BE1}.Ad-Hoc|Any CPU.Build.0 = Ad-Hoc|iPhone
		{50FC121E-F32C-44BB-8533-FBF15F126BE1}.Ad-Hoc|Any CPU.Deploy.0 = Ad-Hoc|iPhone
		{50FC121E-F32C-44BB-8533-FBF15F126BE1}.Ad-Hoc|iPhone.ActiveCfg = Ad-Hoc|iPhone
		{50FC121E-F32C-44BB-8533-FBF15F126BE1}.Ad-Hoc|iPhone.Build.0 = Ad-Hoc|iPhone
		{50FC121E-F32C-44BB-8533-FBF15F126BE1}.Ad-Hoc|iPhone.Deploy.0 = Ad-Hoc|iPhone
		{50FC121E-F32C-44BB-8533-FBF15F126BE1}.Ad-Hoc|iPhoneSimulator.ActiveCfg = Ad-Hoc|iPhoneSimulator
		{50FC121E-F32C-44BB-8533-FBF15F126BE1}.Ad-Hoc|iPhoneSimulator.Build.0 = Ad-Hoc|iPhoneSimulator
		{50FC121E-F32C-44BB-8533-FBF15F126BE1}.Ad-Hoc|iPhoneSimulator.Deploy.0 = Ad-Hoc|iPhoneSimulator
		{50FC121E-F32C-44BB-8533-FBF15F126BE1}.AppStore|Any CPU.ActiveCfg = AppStore|iPhone
		{50FC121E-F32C-44BB-8533-FBF15F126BE1}.AppStore|Any CPU.Build.0 = AppStore|iPhone
		{50FC121E-F32C-44BB-8533-FBF15F126BE1}.AppStore|Any CPU.Deploy.0 = AppStore|iPhone
		{50FC121E-F32C-44BB-8533-FBF15F126BE1}.AppStore|iPhone.ActiveCfg = AppStore|iPhone
		{50FC121E-F32C-44BB-8533-FBF15F126BE1}.AppStore|iPhone.Build.0 = AppStore|iPhone
		{50FC121E-F32C-44BB-8533-FBF15F126BE1}.AppStore|iPhone.Deploy.0 = AppStore|iPhone
		{50FC121E-F32C-44BB-8533-FBF15F126BE1}.AppStore|iPhoneSimulator.ActiveCfg = AppStore|iPhoneSimulator
		{50FC121E-F32C-44BB-8533-FBF15F126BE1}.AppStore|iPhoneSimulator.Build.0 = AppStore|iPhoneSimulator
		{50FC121E-F32C-44BB-8533-FBF15F126BE1}.AppStore|iPhoneSimulator.Deploy.0 = AppStore|iPhoneSimulator
		{50FC121E-F32C-44BB-8533-FBF15F126BE1}.Debug|Any CPU.ActiveCfg = Debug|iPhoneSimulator
		{50FC121E-F32C-44BB-8533-FBF15F126BE1}.Debug|Any CPU.Build.0 = Debug|iPhoneSimulator
		{50FC121E-F32C-44BB-8533-FBF15F126BE1}.Debug|Any CPU.Deploy.0 = Debug|iPhoneSimulator
		{50FC121E-F32C-44BB-8533-FBF15F126BE1}.Debug|iPhone.ActiveCfg = Debug|iPhone
		{50FC121E-F32C-44BB-8533-FBF15F126BE1}.Debug|iPhone.Build.0 = Debug|iPhone
		{50FC121E-F32C-44BB-8533-FBF15F126BE1}.Debug|iPhone.Deploy.0 = Debug|iPhone
		{50FC121E-F32C-44BB-8533-FBF15F126BE1}.Debug|iPhoneSimulator.ActiveCfg = Debug|iPhoneSimulator
		{50FC121E-F32C-44BB-8533-FBF15F126BE1}.Debug|iPhoneSimulator.Build.0 = Debug|iPhoneSimulator
		{50FC121E-F32C-44BB-8533-FBF15F126BE1}.Debug|iPhoneSimulator.Deploy.0 = Debug|iPhoneSimulator
		{50FC121E-F32C-44BB-8533-FBF15F126BE1}.Release|Any CPU.ActiveCfg = Release|iPhone
		{50FC121E-F32C-44BB-8533-FBF15F126BE1}.Release|Any CPU.Build.0 = Release|iPhone
		{50FC121E-F32C-44BB-8533-FBF15F126BE1}.Release|Any CPU.Deploy.0 = Release|iPhone
		{50FC121E-F32C-44BB-8533-FBF15F126BE1}.Release|iPhone.ActiveCfg = Release|iPhone
		{50FC121E-F32C-44BB-8533-FBF15F126BE1}.Release|iPhone.Build.0 = Release|iPhone
		{50FC121E-F32C-44BB-8533-FBF15F126BE1}.Release|iPhone.Deploy.0 = Release|iPhone
		{50FC121E-F32C-44BB-8533-FBF15F126BE1}.Release|iPhoneSimulator.ActiveCfg = Release|iPhoneSimulator
		{50FC121E-F32C-44BB-8533-FBF15F126BE1}.Release|iPhoneSimulator.Build.0 = Release|iPhoneSimulator
		{50FC121E-F32C-44BB-8533-FBF15F126BE1}.Release|iPhoneSimulator.Deploy.0 = Release|iPhoneSimulator
	EndGlobalSection
	GlobalSection(SolutionProperties) = preSolution
		HideSolutionNode = FALSE
	EndGlobalSection
	GlobalSection(ExtensibilityGlobals) = postSolution
		SolutionGuid = {BA020F1D-B27E-4183-857D-C70FFB9D5907}
	EndGlobalSection
EndGlobal
